
Microsoft Visual Studio Solution File, Format Version 12.00
# Visual Studio Version 17
VisualStudioVersion = 17.14.36623.8
MinimumVisualStudioVersion = 10.0.40219.1
Project("{FAE04EC0-301F-11D3-BF4B-00C04F79EFBC}") = "ApiGateway", "ApiGateway\ApiGateway.csproj", "{3EA2B8BB-0E10-4A28-8239-120147FA58E2}"
EndProject
Project("{FAE04EC0-301F-11D3-BF4B-00C04F79EFBC}") = "AuthService", "AuthService\AuthService.csproj", "{98B6312D-DCD4-4287-B381-E29B01B855FE}"
EndProject
Project("{FAE04EC0-301F-11D3-BF4B-00C04F79EFBC}") = "ReclamationService", "ClientService\ReclamationService.csproj", "{D66E2C76-F8D0-4CFE-B55E-4AB1FC6ACCCF}"
EndProject
Project("{FAE04EC0-301F-11D3-BF4B-00C04F79EFBC}") = "ArticleService", "ArticleService\ArticleService.csproj", "{A54FF9C8-F24B-4A53-88FE-93FF5ACD1618}"
EndProject
Project("{FAE04EC0-301F-11D3-BF4B-00C04F79EFBC}") = "InterventionService", "InterventionService\InterventionService.csproj", "{E800812F-DEF7-4B0B-9526-5A1B2C7BB19A}"
EndProject
Global
	GlobalSection(SolutionConfigurationPlatforms) = preSolution
		Debug|Any CPU = Debug|Any CPU
		Release|Any CPU = Release|Any CPU
	EndGlobalSection
	GlobalSection(ProjectConfigurationPlatforms) = postSolution
		{3EA2B8BB-0E10-4A28-8239-120147FA58E2}.Debug|Any CPU.ActiveCfg = Debug|Any CPU
		{3EA2B8BB-0E10-4A28-8239-120147FA58E2}.Debug|Any CPU.Build.0 = Debug|Any CPU
		{3EA2B8BB-0E10-4A28-8239-120147FA58E2}.Release|Any CPU.ActiveCfg = Release|Any CPU
		{3EA2B8BB-0E10-4A28-8239-120147FA58E2}.Release|Any CPU.Build.0 = Release|Any CPU
		{98B6312D-DCD4-4287-B381-E29B01B855FE}.Debug|Any CPU.ActiveCfg = Debug|Any CPU
		{98B6312D-DCD4-4287-B381-E29B01B855FE}.Debug|Any CPU.Build.0 = Debug|Any CPU
		{98B6312D-DCD4-4287-B381-E29B01B855FE}.Release|Any CPU.ActiveCfg = Release|Any CPU
		{98B6312D-DCD4-4287-B381-E29B01B855FE}.Release|Any CPU.Build.0 = Release|Any CPU
		{D66E2C76-F8D0-4CFE-B55E-4AB1FC6ACCCF}.Debug|Any CPU.ActiveCfg = Debug|Any CPU
		{D66E2C76-F8D0-4CFE-B55E-4AB1FC6ACCCF}.Debug|Any CPU.Build.0 = Debug|Any CPU
		{D66E2C76-F8D0-4CFE-B55E-4AB1FC6ACCCF}.Release|Any CPU.ActiveCfg = Release|Any CPU
		{D66E2C76-F8D0-4CFE-B55E-4AB1FC6ACCCF}.Release|Any CPU.Build.0 = Release|Any CPU
		{A54FF9C8-F24B-4A53-88FE-93FF5ACD1618}.Debug|Any CPU.ActiveCfg = Debug|Any CPU
		{A54FF9C8-F24B-4A53-88FE-93FF5ACD1618}.Debug|Any CPU.Build.0 = Debug|Any CPU
		{A54FF9C8-F24B-4A53-88FE-93FF5ACD1618}.Release|Any CPU.ActiveCfg = Release|Any CPU
		{A54FF9C8-F24B-4A53-88FE-93FF5ACD1618}.Release|Any CPU.Build.0 = Release|Any CPU
		{E800812F-DEF7-4B0B-9526-5A1B2C7BB19A}.Debug|Any CPU.ActiveCfg = Debug|Any CPU
		{E800812F-DEF7-4B0B-9526-5A1B2C7BB19A}.Debug|Any CPU.Build.0 = Debug|Any CPU
		{E800812F-DEF7-4B0B-9526-5A1B2C7BB19A}.Release|Any CPU.ActiveCfg = Release|Any CPU
		{E800812F-DEF7-4B0B-9526-5A1B2C7BB19A}.Release|Any CPU.Build.0 = Release|Any CPU
	EndGlobalSection
	GlobalSection(SolutionProperties) = preSolution
		HideSolutionNode = FALSE
	EndGlobalSection
	GlobalSection(ExtensibilityGlobals) = postSolution
		SolutionGuid = {3EDBEDA3-872A-4BBB-835D-E2DBE56E9586}
	EndGlobalSection
EndGlobal
